
Microsoft Visual Studio Solution File, Format Version 12.00
# Visual Studio Version 16
VisualStudioVersion = 16.0.30717.126
MinimumVisualStudioVersion = 15.0.26124.0
Project("{9A19103F-16F7-4668-BE54-9A1E7A4F7556}") = "CatalogarPatrimonioWeb", "CatalogarPatrimonioWeb\CatalogarPatrimonioWeb.csproj", "{268C0B0E-0DF9-491E-B2E7-7ABFE9483B45}"
EndProject
Project("{9A19103F-16F7-4668-BE54-9A1E7A4F7556}") = "Service", "Service\Service.csproj", "{382ACAFF-3067-48FE-BF57-58E92AE1CF8A}"
EndProject
Project("{FAE04EC0-301F-11D3-BF4B-00C04F79EFBC}") = "Core", "Core\Core.csproj", "{6E190413-FD8E-41C2-86BD-DC3218418ADC}"
EndProject
Global
	GlobalSection(SolutionConfigurationPlatforms) = preSolution
		Debug|Any CPU = Debug|Any CPU
		Debug|x64 = Debug|x64
		Debug|x86 = Debug|x86
		Release|Any CPU = Release|Any CPU
		Release|x64 = Release|x64
		Release|x86 = Release|x86
	EndGlobalSection
	GlobalSection(ProjectConfigurationPlatforms) = postSolution
		{268C0B0E-0DF9-491E-B2E7-7ABFE9483B45}.Debug|Any CPU.ActiveCfg = Debug|Any CPU
		{268C0B0E-0DF9-491E-B2E7-7ABFE9483B45}.Debug|Any CPU.Build.0 = Debug|Any CPU
		{268C0B0E-0DF9-491E-B2E7-7ABFE9483B45}.Debug|x64.ActiveCfg = Debug|Any CPU
		{268C0B0E-0DF9-491E-B2E7-7ABFE9483B45}.Debug|x64.Build.0 = Debug|Any CPU
		{268C0B0E-0DF9-491E-B2E7-7ABFE9483B45}.Debug|x86.ActiveCfg = Debug|Any CPU
		{268C0B0E-0DF9-491E-B2E7-7ABFE9483B45}.Debug|x86.Build.0 = Debug|Any CPU
		{268C0B0E-0DF9-491E-B2E7-7ABFE9483B45}.Release|Any CPU.ActiveCfg = Release|Any CPU
		{268C0B0E-0DF9-491E-B2E7-7ABFE9483B45}.Release|Any CPU.Build.0 = Release|Any CPU
		{268C0B0E-0DF9-491E-B2E7-7ABFE9483B45}.Release|x64.ActiveCfg = Release|Any CPU
		{268C0B0E-0DF9-491E-B2E7-7ABFE9483B45}.Release|x64.Build.0 = Release|Any CPU
		{268C0B0E-0DF9-491E-B2E7-7ABFE9483B45}.Release|x86.ActiveCfg = Release|Any CPU
		{268C0B0E-0DF9-491E-B2E7-7ABFE9483B45}.Release|x86.Build.0 = Release|Any CPU
		{382ACAFF-3067-48FE-BF57-58E92AE1CF8A}.Debug|Any CPU.ActiveCfg = Debug|Any CPU
		{382ACAFF-3067-48FE-BF57-58E92AE1CF8A}.Debug|Any CPU.Build.0 = Debug|Any CPU
		{382ACAFF-3067-48FE-BF57-58E92AE1CF8A}.Debug|x64.ActiveCfg = Debug|Any CPU
		{382ACAFF-3067-48FE-BF57-58E92AE1CF8A}.Debug|x64.Build.0 = Debug|Any CPU
		{382ACAFF-3067-48FE-BF57-58E92AE1CF8A}.Debug|x86.ActiveCfg = Debug|Any CPU
		{382ACAFF-3067-48FE-BF57-58E92AE1CF8A}.Debug|x86.Build.0 = Debug|Any CPU
		{382ACAFF-3067-48FE-BF57-58E92AE1CF8A}.Release|Any CPU.ActiveCfg = Release|Any CPU
		{382ACAFF-3067-48FE-BF57-58E92AE1CF8A}.Release|Any CPU.Build.0 = Release|Any CPU
		{382ACAFF-3067-48FE-BF57-58E92AE1CF8A}.Release|x64.ActiveCfg = Release|Any CPU
		{382ACAFF-3067-48FE-BF57-58E92AE1CF8A}.Release|x64.Build.0 = Release|Any CPU
		{382ACAFF-3067-48FE-BF57-58E92AE1CF8A}.Release|x86.ActiveCfg = Release|Any CPU
		{382ACAFF-3067-48FE-BF57-58E92AE1CF8A}.Release|x86.Build.0 = Release|Any CPU
		{6E190413-FD8E-41C2-86BD-DC3218418ADC}.Debug|Any CPU.ActiveCfg = Debug|Any CPU
		{6E190413-FD8E-41C2-86BD-DC3218418ADC}.Debug|Any CPU.Build.0 = Debug|Any CPU
		{6E190413-FD8E-41C2-86BD-DC3218418ADC}.Debug|x64.ActiveCfg = Debug|Any CPU
		{6E190413-FD8E-41C2-86BD-DC3218418ADC}.Debug|x64.Build.0 = Debug|Any CPU
		{6E190413-FD8E-41C2-86BD-DC3218418ADC}.Debug|x86.ActiveCfg = Debug|Any CPU
		{6E190413-FD8E-41C2-86BD-DC3218418ADC}.Debug|x86.Build.0 = Debug|Any CPU
		{6E190413-FD8E-41C2-86BD-DC3218418ADC}.Release|Any CPU.ActiveCfg = Release|Any CPU
		{6E190413-FD8E-41C2-86BD-DC3218418ADC}.Release|Any CPU.Build.0 = Release|Any CPU
		{6E190413-FD8E-41C2-86BD-DC3218418ADC}.Release|x64.ActiveCfg = Release|Any CPU
		{6E190413-FD8E-41C2-86BD-DC3218418ADC}.Release|x64.Build.0 = Release|Any CPU
		{6E190413-FD8E-41C2-86BD-DC3218418ADC}.Release|x86.ActiveCfg = Release|Any CPU
		{6E190413-FD8E-41C2-86BD-DC3218418ADC}.Release|x86.Build.0 = Release|Any CPU
	EndGlobalSection
	GlobalSection(SolutionProperties) = preSolution
		HideSolutionNode = FALSE
	EndGlobalSection
	GlobalSection(ExtensibilityGlobals) = postSolution
		SolutionGuid = {5A1F3748-03CF-4305-85D2-0BF4A3DD058A}
	EndGlobalSection
EndGlobal
